{
  "name": "data-structure-coding",
  "version": "1.0.0",
  "lockfileVersion": 3,
  "requires": true,
  "packages": {
    "": {
      "name": "data-structure-coding",
      "version": "1.0.0",
      "dependencies": {
        "@datastructures-js/priority-queue": "^6.3.5",
        "rxjs": "^7.8.2"
      }
    },
    "node_modules/@datastructures-js/heap": {
      "version": "4.3.7",
      "resolved": "https://registry.npmjs.org/@datastructures-js/heap/-/heap-4.3.7.tgz",
      "integrity": "sha512-Dx4un7Uj0dVxkfoq4RkpzsY2OrvNJgQYZ3n3UlGdl88RxxdHd7oTi21/l3zoxUUe0sXFuNUrfmWqlHzqnoN6Ug==",
      "license": "MIT"
    },
    "node_modules/@datastructures-js/priority-queue": {
      "version": "6.3.5",
      "resolved": "https://registry.npmjs.org/@datastructures-js/priority-queue/-/priority-queue-6.3.5.tgz",
      "integrity": "sha512-NmdmvLnkUyG67W6Iy8tP+865ILq5VDyZh90c8lHMOkYYydUNzOV0QNPCRAuj4AoHSm/V2DeuYvDKnvALaCwLvA==",
      "license": "MIT",
      "dependencies": {
        "@datastructures-js/heap": "^4.3.7"
      }
    },
    "node_modules/rxjs": {
      "version": "7.8.2",
      "resolved": "https://registry.npmjs.org/rxjs/-/rxjs-7.8.2.tgz",
      "integrity": "sha512-dhKf903U/PQZY6boNNtAGdWbG85WAbjT/1xYoZIC7FAY0yWapOBQVsVrDl58W86//e1VpMNBtRV4MaXfdMySFA==",
      "license": "Apache-2.0",
      "dependencies": {
        "tslib": "^2.1.0"
      }
    },
    "node_modules/tslib": {
      "version": "2.8.1",
      "resolved": "https://registry.npmjs.org/tslib/-/tslib-2.8.1.tgz",
      "integrity": "sha512-oJFu94HQb+KVduSUQL7wnpmqnfmLsOA/nAh6b6EH0wCEoK0/mPeXU6c3wKDV83MkOuHPRHtSXKKU99IBazS/2w==",
      "license": "0BSD"
    }
  }
}
